schema: '2.0'
stages:
  train:
    cmd: python3 train.py
    deps:
    - path: data_processed.csv
      md5: 03269b6c0a766dc80e090326008765b3
      size: 24227
    - path: train.py
      md5: 0b78f206f96dd76a1d0dcdae218d30f1
      size: 1502
    outs:
    - path: by_region.png
      md5: 44d315f2ff603b76f20dd2ce02e205e9
      size: 7829
    - path: metrics.json
      md5: 831f69c6f16e57a8f2f403964f19dd64
      size: 90
